github.com/go-sql-driver/mysql v1.6.0 h1:BCTh4TKNUYmOmMUcQ3IipzF5prigylS7XXjEkfCHuOE=
github.com/go-sql-driver/mysql v1.6.0/go.mod h1:DCzpHaOWr8IXmIStZouvnhqoel9Qv2LBy8hT2VhHyBg=
github.com/sakana7392/AnkiCard_server/infra v0.0.0-20220701005301-fe748a022936 h1:O6svNPOWIbPsJrfbvVbui1a5oX1cg1MjElIXebi4/+I=
github.com/sakana7392/AnkiCard_server/infra v0.0.0-20220701005301-fe748a022936/go.mod h1:pu+fhsADrxY1SCNW/VpeH6uA1fzVnAia8LKGjU85YN4=
